
Microsoft Visual Studio Solution File, Format Version 12.00
# Visual Studio Version 17
VisualStudioVersion = 17.13.36105.23 d17.13
MinimumVisualStudioVersion = 10.0.40219.1
Project("{FAE04EC0-301F-11D3-BF4B-00C04F79EFBC}") = "GrpcService", "GrpcService\GrpcService.csproj", "{057C4D09-E7B5-4EE2-AEA5-68EE6E808CA6}"
EndProject
Project("{FAE04EC0-301F-11D3-BF4B-00C04F79EFBC}") = "GrpcClient", "GrpcClient\GrpcClient.csproj", "{A6BB6FD0-E34F-4C9A-ACF5-61CEC0973E65}"
EndProject
Global
	GlobalSection(SolutionConfigurationPlatforms) = preSolution
		Debug|Any CPU = Debug|Any CPU
		Release|Any CPU = Release|Any CPU
	EndGlobalSection
	GlobalSection(ProjectConfigurationPlatforms) = postSolution
		{057C4D09-E7B5-4EE2-AEA5-68EE6E808CA6}.Debug|Any CPU.ActiveCfg = Debug|Any CPU
		{057C4D09-E7B5-4EE2-AEA5-68EE6E808CA6}.Debug|Any CPU.Build.0 = Debug|Any CPU
		{057C4D09-E7B5-4EE2-AEA5-68EE6E808CA6}.Release|Any CPU.ActiveCfg = Release|Any CPU
		{057C4D09-E7B5-4EE2-AEA5-68EE6E808CA6}.Release|Any CPU.Build.0 = Release|Any CPU
		{A6BB6FD0-E34F-4C9A-ACF5-61CEC0973E65}.Debug|Any CPU.ActiveCfg = Debug|Any CPU
		{A6BB6FD0-E34F-4C9A-ACF5-61CEC0973E65}.Debug|Any CPU.Build.0 = Debug|Any CPU
		{A6BB6FD0-E34F-4C9A-ACF5-61CEC0973E65}.Release|Any CPU.ActiveCfg = Release|Any CPU
		{A6BB6FD0-E34F-4C9A-ACF5-61CEC0973E65}.Release|Any CPU.Build.0 = Release|Any CPU
	EndGlobalSection
	GlobalSection(SolutionProperties) = preSolution
		HideSolutionNode = FALSE
	EndGlobalSection
	GlobalSection(ExtensibilityGlobals) = postSolution
		SolutionGuid = {17F1DAC4-D7F6-4447-9081-31F5FC8948B4}
	EndGlobalSection
EndGlobal
